
Microsoft Visual Studio Solution File, Format Version 12.00
# Visual Studio Version 17
VisualStudioVersion = 17.2.32526.322
MinimumVisualStudioVersion = 10.0.40219.1
Project("{FAE04EC0-301F-11D3-BF4B-00C04F79EFBC}") = "MinimalAPIsDemo", "MinimalAPIsDemo\MinimalAPIsDemo.csproj", "{24A4D064-7EA3-409A-BE01-6FEE3B84B9FD}"
EndProject
Global
	GlobalSection(SolutionConfigurationPlatforms) = preSolution
		Debug|Any CPU = Debug|Any CPU
		Release|Any CPU = Release|Any CPU
	EndGlobalSection
	GlobalSection(ProjectConfigurationPlatforms) = postSolution
		{24A4D064-7EA3-409A-BE01-6FEE3B84B9FD}.Debug|Any CPU.ActiveCfg = Debug|Any CPU
		{24A4D064-7EA3-409A-BE01-6FEE3B84B9FD}.Debug|Any CPU.Build.0 = Debug|Any CPU
		{24A4D064-7EA3-409A-BE01-6FEE3B84B9FD}.Release|Any CPU.ActiveCfg = Release|Any CPU
		{24A4D064-7EA3-409A-BE01-6FEE3B84B9FD}.Release|Any CPU.Build.0 = Release|Any CPU
	EndGlobalSection
	GlobalSection(SolutionProperties) = preSolution
		HideSolutionNode = FALSE
	EndGlobalSection
	GlobalSection(ExtensibilityGlobals) = postSolution
		SolutionGuid = {F44081F7-0A63-43FC-A814-FE8760197E58}
	EndGlobalSection
EndGlobal
